
Microsoft Visual Studio Solution File, Format Version 12.00
# Visual Studio 15
VisualStudioVersion = 15.0.27428.2027
MinimumVisualStudioVersion = 10.0.40219.1
Project("{FAE04EC0-301F-11D3-BF4B-00C04F79EFBC}") = "ConsoleAppSql", "ConsoleAppSql\ConsoleAppSql.csproj", "{16D73EA3-DD2A-4DEE-907E-4D4DF4120987}"
EndProject
Global
	GlobalSection(SolutionConfigurationPlatforms) = preSolution
		Debug|Any CPU = Debug|Any CPU
		Release|Any CPU = Release|Any CPU
	EndGlobalSection
	GlobalSection(ProjectConfigurationPlatforms) = postSolution
		{16D73EA3-DD2A-4DEE-907E-4D4DF4120987}.Debug|Any CPU.ActiveCfg = Debug|Any CPU
		{16D73EA3-DD2A-4DEE-907E-4D4DF4120987}.Debug|Any CPU.Build.0 = Debug|Any CPU
		{16D73EA3-DD2A-4DEE-907E-4D4DF4120987}.Release|Any CPU.ActiveCfg = Release|Any CPU
		{16D73EA3-DD2A-4DEE-907E-4D4DF4120987}.Release|Any CPU.Build.0 = Release|Any CPU
	EndGlobalSection
	GlobalSection(SolutionProperties) = preSolution
		HideSolutionNode = FALSE
	EndGlobalSection
	GlobalSection(ExtensibilityGlobals) = postSolution
		SolutionGuid = {0BFC1018-9138-46D5-A54D-078285D0B94C}
	EndGlobalSection
EndGlobal
